
Microsoft Visual Studio Solution File, Format Version 12.00
# Visual Studio Version 17
VisualStudioVersion = 17.9.34607.119
MinimumVisualStudioVersion = 10.0.40219.1
Project("{9A19103F-16F7-4668-BE54-9A1E7A4F7556}") = "DualJobDate.API", "DualJobDateAPI\DualJobDate.API.csproj", "{FBB93953-E2BB-4A15-962F-BEAB241B34C7}"
EndProject
Project("{FAE04EC0-301F-11D3-BF4B-00C04F79EFBC}") = "DualJobData.BusinessLogic", "DualJobData.Business\DualJobData.BusinessLogic.csproj", "{630948F2-3E1F-4CEA-AFCF-EA9034D42197}"
EndProject
Project("{FAE04EC0-301F-11D3-BF4B-00C04F79EFBC}") = "DualJobData.DataAccess", "DualJobData.DataAccess\DualJobData.DataAccess.csproj", "{D4BEDCDF-873E-4887-902B-B5DDE50F2061}"
EndProject
Project("{FAE04EC0-301F-11D3-BF4B-00C04F79EFBC}") = "DualJobDateAPI.DatabaseInitializer", "DualJobDateAPI.DatabaseInitializer\DualJobDateAPI.DatabaseInitializer.csproj", "{86F4730B-A3AD-4646-9EC2-D769E36DC9FF}"
EndProject
Global
	GlobalSection(SolutionConfigurationPlatforms) = preSolution
		Debug|Any CPU = Debug|Any CPU
		Release|Any CPU = Release|Any CPU
	EndGlobalSection
	GlobalSection(ProjectConfigurationPlatforms) = postSolution
		{FBB93953-E2BB-4A15-962F-BEAB241B34C7}.Debug|Any CPU.ActiveCfg = Debug|Any CPU
		{FBB93953-E2BB-4A15-962F-BEAB241B34C7}.Debug|Any CPU.Build.0 = Debug|Any CPU
		{FBB93953-E2BB-4A15-962F-BEAB241B34C7}.Release|Any CPU.ActiveCfg = Release|Any CPU
		{FBB93953-E2BB-4A15-962F-BEAB241B34C7}.Release|Any CPU.Build.0 = Release|Any CPU
		{630948F2-3E1F-4CEA-AFCF-EA9034D42197}.Debug|Any CPU.ActiveCfg = Debug|Any CPU
		{630948F2-3E1F-4CEA-AFCF-EA9034D42197}.Debug|Any CPU.Build.0 = Debug|Any CPU
		{630948F2-3E1F-4CEA-AFCF-EA9034D42197}.Release|Any CPU.ActiveCfg = Release|Any CPU
		{630948F2-3E1F-4CEA-AFCF-EA9034D42197}.Release|Any CPU.Build.0 = Release|Any CPU
		{D4BEDCDF-873E-4887-902B-B5DDE50F2061}.Debug|Any CPU.ActiveCfg = Debug|Any CPU
		{D4BEDCDF-873E-4887-902B-B5DDE50F2061}.Debug|Any CPU.Build.0 = Debug|Any CPU
		{D4BEDCDF-873E-4887-902B-B5DDE50F2061}.Release|Any CPU.ActiveCfg = Release|Any CPU
		{D4BEDCDF-873E-4887-902B-B5DDE50F2061}.Release|Any CPU.Build.0 = Release|Any CPU
		{86F4730B-A3AD-4646-9EC2-D769E36DC9FF}.Debug|Any CPU.ActiveCfg = Debug|Any CPU
		{86F4730B-A3AD-4646-9EC2-D769E36DC9FF}.Debug|Any CPU.Build.0 = Debug|Any CPU
		{86F4730B-A3AD-4646-9EC2-D769E36DC9FF}.Release|Any CPU.ActiveCfg = Release|Any CPU
		{86F4730B-A3AD-4646-9EC2-D769E36DC9FF}.Release|Any CPU.Build.0 = Release|Any CPU
	EndGlobalSection
	GlobalSection(SolutionProperties) = preSolution
		HideSolutionNode = FALSE
	EndGlobalSection
	GlobalSection(ExtensibilityGlobals) = postSolution
		SolutionGuid = {E7AF6424-8CA2-4B16-A882-F1A497ECB665}
	EndGlobalSection
EndGlobal
